
Microsoft Visual Studio Solution File, Format Version 12.00
# Visual Studio Version 17
VisualStudioVersion = 17.7.34031.279
MinimumVisualStudioVersion = 10.0.40219.1
Project("{9A19103F-16F7-4668-BE54-9A1E7A4F7556}") = "CodeArtEng.Extensions", "CodeArtEng.Extensions\CodeArtEng.Extensions.csproj", "{9DC423A7-D076-4386-9BD6-77C1E8927CF7}"
EndProject
Project("{9A19103F-16F7-4668-BE54-9A1E7A4F7556}") = "CodeArtEng.Extensions.Tests", "CodeArtEng.Extensions.Tests\CodeArtEng.Extensions.Tests.csproj", "{7A288C52-4495-4EF7-BB03-3770B3F5F240}"
EndProject
Project("{FAE04EC0-301F-11D3-BF4B-00C04F79EFBC}") = "CodeArtEngExtensionsDemo", "CodeArtEngExtensionsDemo\CodeArtEngExtensionsDemo.csproj", "{43F48CC1-9360-4EF5-BCCB-477E7C1C8C73}"
EndProject
Global
	GlobalSection(SolutionConfigurationPlatforms) = preSolution
		Debug|Any CPU = Debug|Any CPU
		Release|Any CPU = Release|Any CPU
	EndGlobalSection
	GlobalSection(ProjectConfigurationPlatforms) = postSolution
		{9DC423A7-D076-4386-9BD6-77C1E8927CF7}.Debug|Any CPU.ActiveCfg = Debug|Any CPU
		{9DC423A7-D076-4386-9BD6-77C1E8927CF7}.Debug|Any CPU.Build.0 = Debug|Any CPU
		{9DC423A7-D076-4386-9BD6-77C1E8927CF7}.Release|Any CPU.ActiveCfg = Release|Any CPU
		{9DC423A7-D076-4386-9BD6-77C1E8927CF7}.Release|Any CPU.Build.0 = Release|Any CPU
		{7A288C52-4495-4EF7-BB03-3770B3F5F240}.Debug|Any CPU.ActiveCfg = Debug|Any CPU
		{7A288C52-4495-4EF7-BB03-3770B3F5F240}.Debug|Any CPU.Build.0 = Debug|Any CPU
		{7A288C52-4495-4EF7-BB03-3770B3F5F240}.Release|Any CPU.ActiveCfg = Release|Any CPU
		{7A288C52-4495-4EF7-BB03-3770B3F5F240}.Release|Any CPU.Build.0 = Release|Any CPU
		{43F48CC1-9360-4EF5-BCCB-477E7C1C8C73}.Debug|Any CPU.ActiveCfg = Debug|Any CPU
		{43F48CC1-9360-4EF5-BCCB-477E7C1C8C73}.Debug|Any CPU.Build.0 = Debug|Any CPU
		{43F48CC1-9360-4EF5-BCCB-477E7C1C8C73}.Release|Any CPU.ActiveCfg = Release|Any CPU
		{43F48CC1-9360-4EF5-BCCB-477E7C1C8C73}.Release|Any CPU.Build.0 = Release|Any CPU
	EndGlobalSection
	GlobalSection(SolutionProperties) = preSolution
		HideSolutionNode = FALSE
	EndGlobalSection
	GlobalSection(ExtensibilityGlobals) = postSolution
		SolutionGuid = {890E8736-8D7B-4B1D-845B-7D0AD1B11B3F}
	EndGlobalSection
EndGlobal
